
Microsoft Visual Studio Solution File, Format Version 12.00
# Visual Studio 2012
Project("{FAE04EC0-301F-11D3-BF4B-00C04F79EFBC}") = "CarFinderOneView", "CarFinderOneView\CarFinderOneView.csproj", "{C1C95314-66DC-4124-8996-71F4F5C70C25}"
EndProject
Global
	GlobalSection(SolutionConfigurationPlatforms) = preSolution
		Debug|iPhoneSimulator = Debug|iPhoneSimulator
		Release|iPhoneSimulator = Release|iPhoneSimulator
		Debug|iPhone = Debug|iPhone
		Release|iPhone = Release|iPhone
		Ad-Hoc|iPhone = Ad-Hoc|iPhone
		AppStore|iPhone = AppStore|iPhone
	EndGlobalSection
	GlobalSection(ProjectConfigurationPlatforms) = postSolution
		{C1C95314-66DC-4124-8996-71F4F5C70C25}.Ad-Hoc|iPhone.ActiveCfg = Ad-Hoc|iPhone
		{C1C95314-66DC-4124-8996-71F4F5C70C25}.Ad-Hoc|iPhone.Build.0 = Ad-Hoc|iPhone
		{C1C95314-66DC-4124-8996-71F4F5C70C25}.AppStore|iPhone.ActiveCfg = AppStore|iPhone
		{C1C95314-66DC-4124-8996-71F4F5C70C25}.AppStore|iPhone.Build.0 = AppStore|iPhone
		{C1C95314-66DC-4124-8996-71F4F5C70C25}.Debug|iPhone.ActiveCfg = Debug|iPhone
		{C1C95314-66DC-4124-8996-71F4F5C70C25}.Debug|iPhone.Build.0 = Debug|iPhone
		{C1C95314-66DC-4124-8996-71F4F5C70C25}.Debug|iPhoneSimulator.ActiveCfg = Debug|iPhoneSimulator
		{C1C95314-66DC-4124-8996-71F4F5C70C25}.Debug|iPhoneSimulator.Build.0 = Debug|iPhoneSimulator
		{C1C95314-66DC-4124-8996-71F4F5C70C25}.Release|iPhone.ActiveCfg = Release|iPhone
		{C1C95314-66DC-4124-8996-71F4F5C70C25}.Release|iPhone.Build.0 = Release|iPhone
		{C1C95314-66DC-4124-8996-71F4F5C70C25}.Release|iPhoneSimulator.ActiveCfg = Release|iPhoneSimulator
		{C1C95314-66DC-4124-8996-71F4F5C70C25}.Release|iPhoneSimulator.Build.0 = Release|iPhoneSimulator
	EndGlobalSection
	GlobalSection(MonoDevelopProperties) = preSolution
		StartupItem = CarFinderOneView\CarFinderOneView.csproj
	EndGlobalSection
EndGlobal
